// !$*UTF8*$!
{
	archiveVersion = 1;
	classes = {
	};
	objectVersion = 48;
	objects = {

/* Begin PBXBuildFile section */
		E02DC04151D04086E728523C /* Pods_LLModularizationDemo.framework in Frameworks */ = {isa = PBXBuildFile; fileRef = 2953E2ED14F7879A1F052BE5 /* Pods_LLModularizationDemo.framework */; };
		F25867FF1FDAAF6C00D7B2BF /* LLTabBarController.m in Sources */ = {isa = PBXBuildFile; fileRef = F25867FE1FDAAF6C00D7B2BF /* LLTabBarController.m */; };
		F25868021FDAAFA300D7B2BF /* LLNavigationController.m in Sources */ = {isa = PBXBuildFile; fileRef = F25868011FDAAFA300D7B2BF /* LLNavigationController.m */; };
		F25868071FDAB42B00D7B2BF /* HomeModuleConnector.m in Sources */ = {isa = PBXBuildFile; fileRef = F25868061FDAB42B00D7B2BF /* HomeModuleConnector.m */; };
		F258680A1FDAB43B00D7B2BF /* HomeModuleViewController.m in Sources */ = {isa = PBXBuildFile; fileRef = F25868091FDAB43A00D7B2BF /* HomeModuleViewController.m */; };
		F258680D1FDAB46000D7B2BF /* MyStudyModuleConnector.m in Sources */ = {isa = PBXBuildFile; fileRef = F258680C1FDAB46000D7B2BF /* MyStudyModuleConnector.m */; };
		F25868101FDAB4C500D7B2BF /* MyStudyModuleViewController.m in Sources */ = {isa = PBXBuildFile; fileRef = F258680F1FDAB4C500D7B2BF /* MyStudyModuleViewController.m */; };
		F25868191FDAB50E00D7B2BF /* LoginModuleConnector.m in Sources */ = {isa = PBXBuildFile; fileRef = F25868181FDAB50E00D7B2BF /* LoginModuleConnector.m */; };
		F258681C1FDAB52600D7B2BF /* LoginModuleViewController.m in Sources */ = {isa = PBXBuildFile; fileRef = F258681B1FDAB52600D7B2BF /* LoginModuleViewController.m */; };
		F258681F1FDB764C00D7B2BF /* MeModuleConnector.m in Sources */ = {isa = PBXBuildFile; fileRef = F258681E1FDB764C00D7B2BF /* MeModuleConnector.m */; };
		F25868221FDB766800D7B2BF /* MeModuleViewController.m in Sources */ = {isa = PBXBuildFile; fileRef = F25868211FDB766800D7B2BF /* MeModuleViewController.m */; };
		F25868291FDB812D00D7B2BF /* UIImage+Extension.m in Sources */ = {isa = PBXBuildFile; fileRef = F25868281FDB812D00D7B2BF /* UIImage+Extension.m */; };
		F258682D1FDB878400D7B2BF /* UIColor+Extension.m in Sources */ = {isa = PBXBuildFile; fileRef = F258682C1FDB878400D7B2BF /* UIColor+Extension.m */; };
		F263E02D1FE2A7E300BD7CBD /* LLUtils.m in Sources */ = {isa = PBXBuildFile; fileRef = F263E02C1FE2A7E300BD7CBD /* LLUtils.m */; };
		F2C006861FE7BD41001E1FE9 /* MeModuleAccountViewController.m in Sources */ = {isa = PBXBuildFile; fileRef = F2C006851FE7BD41001E1FE9 /* MeModuleAccountViewController.m */; };
		F2F72C2E1FD96A6E00066F9A /* AppDelegate.m in Sources */ = {isa = PBXBuildFile; fileRef = F2F72C2D1FD96A6E00066F9A /* AppDelegate.m */; };
		F2F72C341FD96A6E00066F9A /* Main.storyboard in Resources */ = {isa = PBXBuildFile; fileRef = F2F72C321FD96A6E00066F9A /* Main.storyboard */; };
		F2F72C361FD96A6E00066F9A /* Assets.xcassets in Resources */ = {isa = PBXBuildFile; fileRef = F2F72C351FD96A6E00066F9A /* Assets.xcassets */; };
		F2F72C391FD96A6E00066F9A /* LaunchScreen.storyboard in Resources */ = {isa = PBXBuildFile; fileRef = F2F72C371FD96A6E00066F9A /* LaunchScreen.storyboard */; };
		F2F72C3C1FD96A6E00066F9A /* main.m in Sources */ = {isa = PBXBuildFile; fileRef = F2F72C3B1FD96A6E00066F9A /* main.m */; };
		F2F72C461FD96A6E00066F9A /* LLModularizationDemoTests.m in Sources */ = {isa = PBXBuildFile; fileRef = F2F72C451FD96A6E00066F9A /* LLModularizationDemoTests.m */; };
		F2F72C511FD96A6E00066F9A /* LLModularizationDemoUITests.m in Sources */ = {isa = PBXBuildFile; fileRef = F2F72C501FD96A6E00066F9A /* LLModularizationDemoUITests.m */; };
/* End PBXBuildFile section */

/* Begin PBXContainerItemProxy section */
		F2F72C421FD96A6E00066F9A /* PBXContainerItemProxy */ = {
			isa = PBXContainerItemProxy;
			containerPortal = F2F72C211FD96A6E00066F9A /* Project object */;
			proxyType = 1;
			remoteGlobalIDString = F2F72C281FD96A6E00066F9A;
			remoteInfo = LLModularizationDemo;
		};
		F2F72C4D1FD96A6E00066F9A /* PBXContainerItemProxy */ = {
			isa = PBXContainerItemProxy;
			containerPortal = F2F72C211FD96A6E00066F9A /* Project object */;
			proxyType = 1;
			remoteGlobalIDString = F2F72C281FD96A6E00066F9A;
			remoteInfo = LLModularizationDemo;
		};
/* End PBXContainerItemProxy section */

/* Begin PBXFileReference section */
		2193B1627F095F99A5D81E22 /* Pods-LLModularizationDemo.debug.xcconfig */ = {isa = PBXFileReference; includeInIndex = 1; lastKnownFileType = text.xcconfig; name = "Pods-LLModularizationDemo.debug.xcconfig"; path = "Pods/Target Support Files/Pods-LLModularizationDemo/Pods-LLModularizationDemo.debug.xcconfig"; sourceTree = "<group>"; };
		2953E2ED14F7879A1F052BE5 /* Pods_LLModularizationDemo.framework */ = {isa = PBXFileReference; explicitFileType = wrapper.framework; includeInIndex = 0; path = Pods_LLModularizationDemo.framework; sourceTree = BUILT_PRODUCTS_DIR; };
		612CE89439B595E5C626E5BF /* Pods-LLModularizationDemo.release.xcconfig */ = {isa = PBXFileReference; includeInIndex = 1; lastKnownFileType = text.xcconfig; name = "Pods-LLModularizationDemo.release.xcconfig"; path = "Pods/Target Support Files/Pods-LLModularizationDemo/Pods-LLModularizationDemo.release.xcconfig"; sourceTree = "<group>"; };
		F246B10F1FDBD0EB0066B0CA /* MeModuleProtocol.h */ = {isa = PBXFileReference; lastKnownFileType = sourcecode.c.h; path = MeModuleProtocol.h; sourceTree = "<group>"; };
		F25867FD1FDAAF6C00D7B2BF /* LLTabBarController.h */ = {isa = PBXFileReference; lastKnownFileType = sourcecode.c.h; path = LLTabBarController.h; sourceTree = "<group>"; };
		F25867FE1FDAAF6C00D7B2BF /* LLTabBarController.m */ = {isa = PBXFileReference; lastKnownFileType = sourcecode.c.objc; path = LLTabBarController.m; sourceTree = "<group>"; };
		F25868001FDAAFA300D7B2BF /* LLNavigationController.h */ = {isa = PBXFileReference; lastKnownFileType = sourcecode.c.h; path = LLNavigationController.h; sourceTree = "<group>"; };
		F25868011FDAAFA300D7B2BF /* LLNavigationController.m */ = {isa = PBXFileReference; lastKnownFileType = sourcecode.c.objc; path = LLNavigationController.m; sourceTree = "<group>"; };
		F25868051FDAB42B00D7B2BF /* HomeModuleConnector.h */ = {isa = PBXFileReference; lastKnownFileType = sourcecode.c.h; path = HomeModuleConnector.h; sourceTree = "<group>"; };
		F25868061FDAB42B00D7B2BF /* HomeModuleConnector.m */ = {isa = PBXFileReference; lastKnownFileType = sourcecode.c.objc; path = HomeModuleConnector.m; sourceTree = "<group>"; };
		F25868081FDAB43A00D7B2BF /* HomeModuleViewController.h */ = {isa = PBXFileReference; lastKnownFileType = sourcecode.c.h; path = HomeModuleViewController.h; sourceTree = "<group>"; };
		F25868091FDAB43A00D7B2BF /* HomeModuleViewController.m */ = {isa = PBXFileReference; lastKnownFileType = sourcecode.c.objc; path = HomeModuleViewController.m; sourceTree = "<group>"; };
		F258680B1FDAB46000D7B2BF /* MyStudyModuleConnector.h */ = {isa = PBXFileReference; lastKnownFileType = sourcecode.c.h; path = MyStudyModuleConnector.h; sourceTree = "<group>"; };
		F258680C1FDAB46000D7B2BF /* MyStudyModuleConnector.m */ = {isa = PBXFileReference; lastKnownFileType = sourcecode.c.objc; path = MyStudyModuleConnector.m; sourceTree = "<group>"; };
		F258680E1FDAB4C500D7B2BF /* MyStudyModuleViewController.h */ = {isa = PBXFileReference; lastKnownFileType = sourcecode.c.h; path = MyStudyModuleViewController.h; sourceTree = "<group>"; };
		F258680F1FDAB4C500D7B2BF /* MyStudyModuleViewController.m */ = {isa = PBXFileReference; lastKnownFileType = sourcecode.c.objc; path = MyStudyModuleViewController.m; sourceTree = "<group>"; };
		F25868171FDAB50E00D7B2BF /* LoginModuleConnector.h */ = {isa = PBXFileReference; lastKnownFileType = sourcecode.c.h; path = LoginModuleConnector.h; sourceTree = "<group>"; };
		F25868181FDAB50E00D7B2BF /* LoginModuleConnector.m */ = {isa = PBXFileReference; lastKnownFileType = sourcecode.c.objc; path = LoginModuleConnector.m; sourceTree = "<group>"; };
		F258681A1FDAB52600D7B2BF /* LoginModuleViewController.h */ = {isa = PBXFileReference; lastKnownFileType = sourcecode.c.h; path = LoginModuleViewController.h; sourceTree = "<group>"; };
		F258681B1FDAB52600D7B2BF /* LoginModuleViewController.m */ = {isa = PBXFileReference; lastKnownFileType = sourcecode.c.objc; path = LoginModuleViewController.m; sourceTree = "<group>"; };
		F258681D1FDB764C00D7B2BF /* MeModuleConnector.h */ = {isa = PBXFileReference; lastKnownFileType = sourcecode.c.h; path = MeModuleConnector.h; sourceTree = "<group>"; };
		F258681E1FDB764C00D7B2BF /* MeModuleConnector.m */ = {isa = PBXFileReference; lastKnownFileType = sourcecode.c.objc; path = MeModuleConnector.m; sourceTree = "<group>"; };
		F25868201FDB766800D7B2BF /* MeModuleViewController.h */ = {isa = PBXFileReference; lastKnownFileType = sourcecode.c.h; path = MeModuleViewController.h; sourceTree = "<group>"; };
		F25868211FDB766800D7B2BF /* MeModuleViewController.m */ = {isa = PBXFileReference; lastKnownFileType = sourcecode.c.objc; path = MeModuleViewController.m; sourceTree = "<group>"; };
		F25868241FDB806800D7B2BF /* LLMacro.h */ = {isa = PBXFileReference; lastKnownFileType = sourcecode.c.h; path = LLMacro.h; sourceTree = "<group>"; };
		F25868271FDB812D00D7B2BF /* UIImage+Extension.h */ = {isa = PBXFileReference; lastKnownFileType = sourcecode.c.h; path = "UIImage+Extension.h"; sourceTree = "<group>"; };
		F25868281FDB812D00D7B2BF /* UIImage+Extension.m */ = {isa = PBXFileReference; lastKnownFileType = sourcecode.c.objc; path = "UIImage+Extension.m"; sourceTree = "<group>"; };
		F258682B1FDB878300D7B2BF /* UIColor+Extension.h */ = {isa = PBXFileReference; lastKnownFileType = sourcecode.c.h; path = "UIColor+Extension.h"; sourceTree = "<group>"; };
		F258682C1FDB878400D7B2BF /* UIColor+Extension.m */ = {isa = PBXFileReference; lastKnownFileType = sourcecode.c.objc; path = "UIColor+Extension.m"; sourceTree = "<group>"; };
		F263E01F1FDF745600BD7CBD /* LoginModuleProtocol.h */ = {isa = PBXFileReference; lastKnownFileType = sourcecode.c.h; path = LoginModuleProtocol.h; sourceTree = "<group>"; };
		F263E02B1FE2A7E300BD7CBD /* LLUtils.h */ = {isa = PBXFileReference; lastKnownFileType = sourcecode.c.h; path = LLUtils.h; sourceTree = "<group>"; };
		F263E02C1FE2A7E300BD7CBD /* LLUtils.m */ = {isa = PBXFileReference; lastKnownFileType = sourcecode.c.objc; path = LLUtils.m; sourceTree = "<group>"; };
		F2C006841FE7BD41001E1FE9 /* MeModuleAccountViewController.h */ = {isa = PBXFileReference; lastKnownFileType = sourcecode.c.h; path = MeModuleAccountViewController.h; sourceTree = "<group>"; };
		F2C006851FE7BD41001E1FE9 /* MeModuleAccountViewController.m */ = {isa = PBXFileReference; lastKnownFileType = sourcecode.c.objc; path = MeModuleAccountViewController.m; sourceTree = "<group>"; };
		F2F72C291FD96A6E00066F9A /* LLModularizationDemo.app */ = {isa = PBXFileReference; explicitFileType = wrapper.application; includeInIndex = 0; path = LLModularizationDemo.app; sourceTree = BUILT_PRODUCTS_DIR; };
		F2F72C2C1FD96A6E00066F9A /* AppDelegate.h */ = {isa = PBXFileReference; lastKnownFileType = sourcecode.c.h; path = AppDelegate.h; sourceTree = "<group>"; };
		F2F72C2D1FD96A6E00066F9A /* AppDelegate.m */ = {isa = PBXFileReference; lastKnownFileType = sourcecode.c.objc; path = AppDelegate.m; sourceTree = "<group>"; };
		F2F72C331FD96A6E00066F9A /* Base */ = {isa = PBXFileReference; lastKnownFileType = file.storyboard; name = Base; path = Base.lproj/Main.storyboard; sourceTree = "<group>"; };
		F2F72C351FD96A6E00066F9A /* Assets.xcassets */ = {isa = PBXFileReference; lastKnownFileType = folder.assetcatalog; path = Assets.xcassets; sourceTree = "<group>"; };
		F2F72C381FD96A6E00066F9A /* Base */ = {isa = PBXFileReference; lastKnownFileType = file.storyboard; name = Base; path = Base.lproj/LaunchScreen.storyboard; sourceTree = "<group>"; };
		F2F72C3A1FD96A6E00066F9A /* Info.plist */ = {isa = PBXFileReference; lastKnownFileType = text.plist.xml; path = Info.plist; sourceTree = "<group>"; };
		F2F72C3B1FD96A6E00066F9A /* main.m */ = {isa = PBXFileReference; lastKnownFileType = sourcecode.c.objc; path = main.m; sourceTree = "<group>"; };
		F2F72C411FD96A6E00066F9A /* LLModularizationDemoTests.xctest */ = {isa = PBXFileReference; explicitFileType = wrapper.cfbundle; includeInIndex = 0; path = LLModularizationDemoTests.xctest; sourceTree = BUILT_PRODUCTS_DIR; };
		F2F72C451FD96A6E00066F9A /* LLModularizationDemoTests.m */ = {isa = PBXFileReference; lastKnownFileType = sourcecode.c.objc; path = LLModularizationDemoTests.m; sourceTree = "<group>"; };
		F2F72C471FD96A6E00066F9A /* Info.plist */ = {isa = PBXFileReference; lastKnownFileType = text.plist.xml; path = Info.plist; sourceTree = "<group>"; };
		F2F72C4C1FD96A6E00066F9A /* LLModularizationDemoUITests.xctest */ = {isa = PBXFileReference; explicitFileType = wrapper.cfbundle; includeInIndex = 0; path = LLModularizationDemoUITests.xctest; sourceTree = BUILT_PRODUCTS_DIR; };
		F2F72C501FD96A6E00066F9A /* LLModularizationDemoUITests.m */ = {isa = PBXFileReference; lastKnownFileType = sourcecode.c.objc; path = LLModularizationDemoUITests.m; sourceTree = "<group>"; };
		F2F72C521FD96A6E00066F9A /* Info.plist */ = {isa = PBXFileReference; lastKnownFileType = text.plist.xml; path = Info.plist; sourceTree = "<group>"; };
/* End PBXFileReference section */

/* Begin PBXFrameworksBuildPhase section */
		F2F72C261FD96A6E00066F9A /* Frameworks */ = {
			isa = PBXFrameworksBuildPhase;
			buildActionMask = 2147483647;
			files = (
				E02DC04151D04086E728523C /* Pods_LLModularizationDemo.framework in Frameworks */,
			);
			runOnlyForDeploymentPostprocessing = 0;
		};
		F2F72C3E1FD96A6E00066F9A /* Frameworks */ = {
			isa = PBXFrameworksBuildPhase;
			buildActionMask = 2147483647;
			files = (
			);
			runOnlyForDeploymentPostprocessing = 0;
		};
		F2F72C491FD96A6E00066F9A /* Frameworks */ = {
			isa = PBXFrameworksBuildPhase;
			buildActionMask = 2147483647;
			files = (
			);
			runOnlyForDeploymentPostprocessing = 0;
		};
/* End PBXFrameworksBuildPhase section */

/* Begin PBXGroup section */
		239EB07DCB497820B8171548 /* Pods */ = {
			isa = PBXGroup;
			children = (
				2193B1627F095F99A5D81E22 /* Pods-LLModularizationDemo.debug.xcconfig */,
				612CE89439B595E5C626E5BF /* Pods-LLModularizationDemo.release.xcconfig */,
			);
			name = Pods;
			sourceTree = "<group>";
		};
		2E0F3DCD85E184E24EE9521E /* Frameworks */ = {
			isa = PBXGroup;
			children = (
				2953E2ED14F7879A1F052BE5 /* Pods_LLModularizationDemo.framework */,
			);
			name = Frameworks;
			sourceTree = "<group>";
		};
		F25867FC1FDAAF4300D7B2BF /* Main */ = {
			isa = PBXGroup;
			children = (
				F25867FD1FDAAF6C00D7B2BF /* LLTabBarController.h */,
				F25867FE1FDAAF6C00D7B2BF /* LLTabBarController.m */,
				F25868001FDAAFA300D7B2BF /* LLNavigationController.h */,
				F25868011FDAAFA300D7B2BF /* LLNavigationController.m */,
			);
			path = Main;
			sourceTree = "<group>";
		};
		F25868031FDAB22E00D7B2BF /* MeModule */ = {
			isa = PBXGroup;
			children = (
				F246B10F1FDBD0EB0066B0CA /* MeModuleProtocol.h */,
				F258681D1FDB764C00D7B2BF /* MeModuleConnector.h */,
				F258681E1FDB764C00D7B2BF /* MeModuleConnector.m */,
				F25868201FDB766800D7B2BF /* MeModuleViewController.h */,
				F25868211FDB766800D7B2BF /* MeModuleViewController.m */,
				F2C006841FE7BD41001E1FE9 /* MeModuleAccountViewController.h */,
				F2C006851FE7BD41001E1FE9 /* MeModuleAccountViewController.m */,
			);
			path = MeModule;
			sourceTree = "<group>";
		};
		F25868041FDAB24100D7B2BF /* LoginModule */ = {
			isa = PBXGroup;
			children = (
				F263E01F1FDF745600BD7CBD /* LoginModuleProtocol.h */,
				F25868171FDAB50E00D7B2BF /* LoginModuleConnector.h */,
				F25868181FDAB50E00D7B2BF /* LoginModuleConnector.m */,
				F258681A1FDAB52600D7B2BF /* LoginModuleViewController.h */,
				F258681B1FDAB52600D7B2BF /* LoginModuleViewController.m */,
			);
			path = LoginModule;
			sourceTree = "<group>";
		};
		F25868231FDB803800D7B2BF /* Common */ = {
			isa = PBXGroup;
			children = (
				F25868241FDB806800D7B2BF /* LLMacro.h */,
				F263E02B1FE2A7E300BD7CBD /* LLUtils.h */,
				F263E02C1FE2A7E300BD7CBD /* LLUtils.m */,
				F25868251FDB80F200D7B2BF /* Category */,
			);
			path = Common;
			sourceTree = "<group>";
		};
		F25868251FDB80F200D7B2BF /* Category */ = {
			isa = PBXGroup;
			children = (
				F25868271FDB812D00D7B2BF /* UIImage+Extension.h */,
				F25868281FDB812D00D7B2BF /* UIImage+Extension.m */,
				F258682B1FDB878300D7B2BF /* UIColor+Extension.h */,
				F258682C1FDB878400D7B2BF /* UIColor+Extension.m */,
			);
			path = Category;
			sourceTree = "<group>";
		};
		F258682A1FDB83A200D7B2BF /* Appdelegate */ = {
			isa = PBXGroup;
			children = (
				F2F72C2C1FD96A6E00066F9A /* AppDelegate.h */,
				F2F72C2D1FD96A6E00066F9A /* AppDelegate.m */,
			);
			path = Appdelegate;
			sourceTree = "<group>";
		};
		F2A058721FDA71550039FBCD /* HomeModule */ = {
			isa = PBXGroup;
			children = (
				F25868051FDAB42B00D7B2BF /* HomeModuleConnector.h */,
				F25868061FDAB42B00D7B2BF /* HomeModuleConnector.m */,
				F25868081FDAB43A00D7B2BF /* HomeModuleViewController.h */,
				F25868091FDAB43A00D7B2BF /* HomeModuleViewController.m */,
			);
			path = HomeModule;
			sourceTree = "<group>";
		};
		F2A058791FDA71D60039FBCD /* MyStudyModule */ = {
			isa = PBXGroup;
			children = (
				F258680B1FDAB46000D7B2BF /* MyStudyModuleConnector.h */,
				F258680C1FDAB46000D7B2BF /* MyStudyModuleConnector.m */,
				F258680E1FDAB4C500D7B2BF /* MyStudyModuleViewController.h */,
				F258680F1FDAB4C500D7B2BF /* MyStudyModuleViewController.m */,
			);
			path = MyStudyModule;
			sourceTree = "<group>";
		};
		F2F72C201FD96A6E00066F9A = {
			isa = PBXGroup;
			children = (
				F2F72C2B1FD96A6E00066F9A /* LLModularizationDemo */,
				F2F72C441FD96A6E00066F9A /* LLModularizationDemoTests */,
				F2F72C4F1FD96A6E00066F9A /* LLModularizationDemoUITests */,
				F2F72C2A1FD96A6E00066F9A /* Products */,
				239EB07DCB497820B8171548 /* Pods */,
				2E0F3DCD85E184E24EE9521E /* Frameworks */,
			);
			sourceTree = "<group>";
		};
		F2F72C2A1FD96A6E00066F9A /* Products */ = {
			isa = PBXGroup;
			children = (
				F2F72C291FD96A6E00066F9A /* LLModularizationDemo.app */,
				F2F72C411FD96A6E00066F9A /* LLModularizationDemoTests.xctest */,
				F2F72C4C1FD96A6E00066F9A /* LLModularizationDemoUITests.xctest */,
			);
			name = Products;
			sourceTree = "<group>";
		};
		F2F72C2B1FD96A6E00066F9A /* LLModularizationDemo */ = {
			isa = PBXGroup;
			children = (
				F258682A1FDB83A200D7B2BF /* Appdelegate */,
				F25868231FDB803800D7B2BF /* Common */,
				F25867FC1FDAAF4300D7B2BF /* Main */,
				F2A058721FDA71550039FBCD /* HomeModule */,
				F2A058791FDA71D60039FBCD /* MyStudyModule */,
				F25868031FDAB22E00D7B2BF /* MeModule */,
				F25868041FDAB24100D7B2BF /* LoginModule */,
				F2F72C321FD96A6E00066F9A /* Main.storyboard */,
				F2F72C351FD96A6E00066F9A /* Assets.xcassets */,
				F2F72C371FD96A6E00066F9A /* LaunchScreen.storyboard */,
				F2F72C3A1FD96A6E00066F9A /* Info.plist */,
				F2F72C3B1FD96A6E00066F9A /* main.m */,
			);
			path = LLModularizationDemo;
			sourceTree = "<group>";
		};
		F2F72C441FD96A6E00066F9A /* LLModularizationDemoTests */ = {
			isa = PBXGroup;
			children = (
				F2F72C451FD96A6E00066F9A /* LLModularizationDemoTests.m */,
				F2F72C471FD96A6E00066F9A /* Info.plist */,
			);
			path = LLModularizationDemoTests;
			sourceTree = "<group>";
		};
		F2F72C4F1FD96A6E00066F9A /* LLModularizationDemoUITests */ = {
			isa = PBXGroup;
			children = (
				F2F72C501FD96A6E00066F9A /* LLModularizationDemoUITests.m */,
				F2F72C521FD96A6E00066F9A /* Info.plist */,
			);
			path = LLModularizationDemoUITests;
			sourceTree = "<group>";
		};
/* End PBXGroup section */

/* Begin PBXNativeTarget section */
		F2F72C281FD96A6E00066F9A /* LLModularizationDemo */ = {
			isa = PBXNativeTarget;
			buildConfigurationList = F2F72C551FD96A6E00066F9A /* Build configuration list for PBXNativeTarget "LLModularizationDemo" */;
			buildPhases = (
				757C8B891167FF2777E7B57A /* [CP] Check Pods Manifest.lock */,
				F2F72C251FD96A6E00066F9A /* Sources */,
				F2F72C261FD96A6E00066F9A /* Frameworks */,
				F2F72C271FD96A6E00066F9A /* Resources */,
				33E3D8465313046F4684C0E0 /* [CP] Embed Pods Frameworks */,
				82B96D1B0E01737CE7A42DD7 /* [CP] Copy Pods Resources */,
			);
			buildRules = (
			);
			dependencies = (
			);
			name = LLModularizationDemo;
			productName = LLModularizationDemo;
			productReference = F2F72C291FD96A6E00066F9A /* LLModularizationDemo.app */;
			productType = "com.apple.product-type.application";
		};
		F2F72C401FD96A6E00066F9A /* LLModularizationDemoTests */ = {
			isa = PBXNativeTarget;
			buildConfigurationList = F2F72C581FD96A6E00066F9A /* Build configuration list for PBXNativeTarget "LLModularizationDemoTests" */;
			buildPhases = (
				F2F72C3D1FD96A6E00066F9A /* Sources */,
				F2F72C3E1FD96A6E00066F9A /* Frameworks */,
				F2F72C3F1FD96A6E00066F9A /* Resources */,
			);
			buildRules = (
			);
			dependencies = (
				F2F72C431FD96A6E00066F9A /* PBXTargetDependency */,
			);
			name = LLModularizationDemoTests;
			productName = LLModularizationDemoTests;
			productReference = F2F72C411FD96A6E00066F9A /* LLModularizationDemoTests.xctest */;
			productType = "com.apple.product-type.bundle.unit-test";
		};
		F2F72C4B1FD96A6E00066F9A /* LLModularizationDemoUITests */ = {
			isa = PBXNativeTarget;
			buildConfigurationList = F2F72C5B1FD96A6E00066F9A /* Build configuration list for PBXNativeTarget "LLModularizationDemoUITests" */;
			buildPhases = (
				F2F72C481FD96A6E00066F9A /* Sources */,
				F2F72C491FD96A6E00066F9A /* Frameworks */,
				F2F72C4A1FD96A6E00066F9A /* Resources */,
			);
			buildRules = (
			);
			dependencies = (
				F2F72C4E1FD96A6E00066F9A /* PBXTargetDependency */,
			);
			name = LLModularizationDemoUITests;
			productName = LLModularizationDemoUITests;
			productReference = F2F72C4C1FD96A6E00066F9A /* LLModularizationDemoUITests.xctest */;
			productType = "com.apple.product-type.bundle.ui-testing";
		};
/* End PBXNativeTarget section */

/* Begin PBXProject section */
		F2F72C211FD96A6E00066F9A /* Project object */ = {
			isa = PBXProject;
			attributes = {
				LastUpgradeCheck = 0900;
				ORGANIZATIONNAME = lee;
				TargetAttributes = {
					F2F72C281FD96A6E00066F9A = {
						CreatedOnToolsVersion = 9.0;
						ProvisioningStyle = Automatic;
					};
					F2F72C401FD96A6E00066F9A = {
						CreatedOnToolsVersion = 9.0;
						ProvisioningStyle = Automatic;
						TestTargetID = F2F72C281FD96A6E00066F9A;
					};
					F2F72C4B1FD96A6E00066F9A = {
						CreatedOnToolsVersion = 9.0;
						ProvisioningStyle = Automatic;
						TestTargetID = F2F72C281FD96A6E00066F9A;
					};
				};
			};
			buildConfigurationList = F2F72C241FD96A6E00066F9A /* Build configuration list for PBXProject "LLModularizationDemo" */;
			compatibilityVersion = "Xcode 8.0";
			developmentRegion = en;
			hasScannedForEncodings = 0;
			knownRegions = (
				en,
				Base,
			);
			mainGroup = F2F72C201FD96A6E00066F9A;
			productRefGroup = F2F72C2A1FD96A6E00066F9A /* Products */;
			projectDirPath = "";
			projectRoot = "";
			targets = (
				F2F72C281FD96A6E00066F9A /* LLModularizationDemo */,
				F2F72C401FD96A6E00066F9A /* LLModularizationDemoTests */,
				F2F72C4B1FD96A6E00066F9A /* LLModularizationDemoUITests */,
			);
		};
/* End PBXProject section */

/* Begin PBXResourcesBuildPhase section */
		F2F72C271FD96A6E00066F9A /* Resources */ = {
			isa = PBXResourcesBuildPhase;
			buildActionMask = 2147483647;
			files = (
				F2F72C391FD96A6E00066F9A /* LaunchScreen.storyboard in Resources */,
				F2F72C361FD96A6E00066F9A /* Assets.xcassets in Resources */,
				F2F72C341FD96A6E00066F9A /* Main.storyboard in Resources */,
			);
			runOnlyForDeploymentPostprocessing = 0;
		};
		F2F72C3F1FD96A6E00066F9A /* Resources */ = {
			isa = PBXResourcesBuildPhase;
			buildActionMask = 2147483647;
			files = (
			);
			runOnlyForDeploymentPostprocessing = 0;
		};
		F2F72C4A1FD96A6E00066F9A /* Resources */ = {
			isa = PBXResourcesBuildPhase;
			buildActionMask = 2147483647;
			files = (
			);
			runOnlyForDeploymentPostprocessing = 0;
		};
/* End PBXResourcesBuildPhase section */

/* Begin PBXShellScriptBuildPhase section */
		33E3D8465313046F4684C0E0 /* [CP] Embed Pods Frameworks */ = {
			isa = PBXShellScriptBuildPhase;
			buildActionMask = 2147483647;
			files = (
			);
			inputPaths = (
				"${SRCROOT}/Pods/Target Support Files/Pods-LLModularizationDemo/Pods-LLModularizationDemo-frameworks.sh",
				"${BUILT_PRODUCTS_DIR}/AFNetworking/AFNetworking.framework",
				"${BUILT_PRODUCTS_DIR}/LLModularization/LLModularization.framework",
				"${BUILT_PRODUCTS_DIR}/PureLayout/PureLayout.framework",
				"${BUILT_PRODUCTS_DIR}/SVProgressHUD/SVProgressHUD.framework",
			);
			name = "[CP] Embed Pods Frameworks";
			outputPaths = (
				"${TARGET_BUILD_DIR}/${FRAMEWORKS_FOLDER_PATH}/AFNetworking.framework",
				"${TARGET_BUILD_DIR}/${FRAMEWORKS_FOLDER_PATH}/LLModularization.framework",
				"${TARGET_BUILD_DIR}/${FRAMEWORKS_FOLDER_PATH}/PureLayout.framework",
				"${TARGET_BUILD_DIR}/${FRAMEWORKS_FOLDER_PATH}/SVProgressHUD.framework",
			);
			runOnlyForDeploymentPostprocessing = 0;
			shellPath = /bin/sh;
			shellScript = "\"${SRCROOT}/Pods/Target Support Files/Pods-LLModularizationDemo/Pods-LLModularizationDemo-frameworks.sh\"\n";
			showEnvVarsInLog = 0;
		};
		757C8B891167FF2777E7B57A /* [CP] Check Pods Manifest.lock */ = {
			isa = PBXShellScriptBuildPhase;
			buildActionMask = 2147483647;
			files = (
			);
			inputPaths = (
				"${PODS_PODFILE_DIR_PATH}/Podfile.lock",
				"${PODS_ROOT}/Manifest.lock",
			);
			name = "[CP] Check Pods Manifest.lock";
			outputPaths = (
				"$(DERIVED_FILE_DIR)/Pods-LLModularizationDemo-checkManifestLockResult.txt",
			);
			runOnlyForDeploymentPostprocessing = 0;
			shellPath = /bin/sh;
			shellScript = "diff \"${PODS_PODFILE_DIR_PATH}/Podfile.lock\" \"${PODS_ROOT}/Manifest.lock\" > /dev/null\nif [ $? != 0 ] ; then\n    # print error to STDERR\n    echo \"error: The sandbox is not in sync with the Podfile.lock. Run 'pod install' or update your CocoaPods installation.\" >&2\n    exit 1\nfi\n# This output is used by Xcode 'outputs' to avoid re-running this script phase.\necho \"SUCCESS\" > \"${SCRIPT_OUTPUT_FILE_0}\"\n";
			showEnvVarsInLog = 0;
		};
		82B96D1B0E01737CE7A42DD7 /* [CP] Copy Pods Resources */ = {
			isa = PBXShellScriptBuildPhase;
			buildActionMask = 2147483647;
			files = (
			);
			inputPaths = (
			);
			name = "[CP] Copy Pods Resources";
			outputPaths = (
			);
			runOnlyForDeploymentPostprocessing = 0;
			shellPath = /bin/sh;
			shellScript = "\"${SRCROOT}/Pods/Target Support Files/Pods-LLModularizationDemo/Pods-LLModularizationDemo-resources.sh\"\n";
			showEnvVarsInLog = 0;
		};
/* End PBXShellScriptBuildPhase section */

/* Begin PBXSourcesBuildPhase section */
		F2F72C251FD96A6E00066F9A /* Sources */ = {
			isa = PBXSourcesBuildPhase;
			buildActionMask = 2147483647;
			files = (
				F25868071FDAB42B00D7B2BF /* HomeModuleConnector.m in Sources */,
				F25868291FDB812D00D7B2BF /* UIImage+Extension.m in Sources */,
				F258681F1FDB764C00D7B2BF /* MeModuleConnector.m in Sources */,
				F258682D1FDB878400D7B2BF /* UIColor+Extension.m in Sources */,
				F2F72C3C1FD96A6E00066F9A /* main.m in Sources */,
				F258680D1FDAB46000D7B2BF /* MyStudyModuleConnector.m in Sources */,
				F258681C1FDAB52600D7B2BF /* LoginModuleViewController.m in Sources */,
				F25868101FDAB4C500D7B2BF /* MyStudyModuleViewController.m in Sources */,
				F2F72C2E1FD96A6E00066F9A /* AppDelegate.m in Sources */,
				F25868221FDB766800D7B2BF /* MeModuleViewController.m in Sources */,
				F25868021FDAAFA300D7B2BF /* LLNavigationController.m in Sources */,
				F25867FF1FDAAF6C00D7B2BF /* LLTabBarController.m in Sources */,
				F258680A1FDAB43B00D7B2BF /* HomeModuleViewController.m in Sources */,
				F263E02D1FE2A7E300BD7CBD /* LLUtils.m in Sources */,
				F2C006861FE7BD41001E1FE9 /* MeModuleAccountViewController.m in Sources */,
				F25868191FDAB50E00D7B2BF /* LoginModuleConnector.m in Sources */,
			);
			runOnlyForDeploymentPostprocessing = 0;
		};
		F2F72C3D1FD96A6E00066F9A /* Sources */ = {
			isa = PBXSourcesBuildPhase;
			buildActionMask = 2147483647;
			files = (
				F2F72C461FD96A6E00066F9A /* LLModularizationDemoTests.m in Sources */,
			);
			runOnlyForDeploymentPostprocessing = 0;
		};
		F2F72C481FD96A6E00066F9A /* Sources */ = {
			isa = PBXSourcesBuildPhase;
			buildActionMask = 2147483647;
			files = (
				F2F72C511FD96A6E00066F9A /* LLModularizationDemoUITests.m in Sources */,
			);
			runOnlyForDeploymentPostprocessing = 0;
		};
/* End PBXSourcesBuildPhase section */

/* Begin PBXTargetDependency section */
		F2F72C431FD96A6E00066F9A /* PBXTargetDependency */ = {
			isa = PBXTargetDependency;
			target = F2F72C281FD96A6E00066F9A /* LLModularizationDemo */;
			targetProxy = F2F72C421FD96A6E00066F9A /* PBXContainerItemProxy */;
		};
		F2F72C4E1FD96A6E00066F9A /* PBXTargetDependency */ = {
			isa = PBXTargetDependency;
			target = F2F72C281FD96A6E00066F9A /* LLModularizationDemo */;
			targetProxy = F2F72C4D1FD96A6E00066F9A /* PBXContainerItemProxy */;
		};
/* End PBXTargetDependency section */

/* Begin PBXVariantGroup section */
		F2F72C321FD96A6E00066F9A /* Main.storyboard */ = {
			isa = PBXVariantGroup;
			children = (
				F2F72C331FD96A6E00066F9A /* Base */,
			);
			name = Main.storyboard;
			sourceTree = "<group>";
		};
		F2F72C371FD96A6E00066F9A /* LaunchScreen.storyboard */ = {
			isa = PBXVariantGroup;
			children = (
				F2F72C381FD96A6E00066F9A /* Base */,
			);
			name = LaunchScreen.storyboard;
			sourceTree = "<group>";
		};
/* End PBXVariantGroup section */

/* Begin XCBuildConfiguration section */
		F2F72C531FD96A6E00066F9A /* Debug */ = {
			isa = XCBuildConfiguration;
			buildSettings = {
				ALWAYS_SEARCH_USER_PATHS = NO;
				CLANG_ANALYZER_NONNULL = YES;
				CLANG_ANALYZER_NUMBER_OBJECT_CONVERSION = YES_AGGRESSIVE;
				CLANG_CXX_LANGUAGE_STANDARD = "gnu++14";
				CLANG_CXX_LIBRARY = "libc++";
				CLANG_ENABLE_MODULES = YES;
				CLANG_ENABLE_OBJC_ARC = YES;
				CLANG_WARN_BLOCK_CAPTURE_AUTORELEASING = YES;
				CLANG_WARN_BOOL_CONVERSION = YES;
				CLANG_WARN_COMMA = YES;
				CLANG_WARN_CONSTANT_CONVERSION = YES;
				CLANG_WARN_DIRECT_OBJC_ISA_USAGE = YES_ERROR;
				CLANG_WARN_DOCUMENTATION_COMMENTS = YES;
				CLANG_WARN_EMPTY_BODY = YES;
				CLANG_WARN_ENUM_CONVERSION = YES;
				CLANG_WARN_INFINITE_RECURSION = YES;
				CLANG_WARN_INT_CONVERSION = YES;
				CLANG_WARN_NON_LITERAL_NULL_CONVERSION = YES;
				CLANG_WARN_OBJC_LITERAL_CONVERSION = YES;
				CLANG_WARN_OBJC_ROOT_CLASS = YES_ERROR;
				CLANG_WARN_RANGE_LOOP_ANALYSIS = YES;
				CLANG_WARN_STRICT_PROTOTYPES = YES;
				CLANG_WARN_SUSPICIOUS_MOVE = YES;
				CLANG_WARN_UNGUARDED_AVAILABILITY = YES_AGGRESSIVE;
				CLANG_WARN_UNREACHABLE_CODE = YES;
				CLANG_WARN__DUPLICATE_METHOD_MATCH = YES;
				CODE_SIGN_IDENTITY = "iPhone Developer";
				COPY_PHASE_STRIP = NO;
				DEBUG_INFORMATION_FORMAT = dwarf;
				ENABLE_STRICT_OBJC_MSGSEND = YES;
				ENABLE_TESTABILITY = YES;
				GCC_C_LANGUAGE_STANDARD = gnu11;
				GCC_DYNAMIC_NO_PIC = NO;
				GCC_NO_COMMON_BLOCKS = YES;
				GCC_OPTIMIZATION_LEVEL = 0;
				GCC_PREPROCESSOR_DEFINITIONS = (
					"DEBUG=1",
					"$(inherited)",
				);
				GCC_WARN_64_TO_32_BIT_CONVERSION = YES;
				GCC_WARN_ABOUT_RETURN_TYPE = YES_ERROR;
				GCC_WARN_UNDECLARED_SELECTOR = YES;
				GCC_WARN_UNINITIALIZED_AUTOS = YES_AGGRESSIVE;
				GCC_WARN_UNUSED_FUNCTION = YES;
				GCC_WARN_UNUSED_VARIABLE = YES;
				IPHONEOS_DEPLOYMENT_TARGET = 11.0;
				MTL_ENABLE_DEBUG_INFO = YES;
				ONLY_ACTIVE_ARCH = YES;
				SDKROOT = iphoneos;
			};
			name = Debug;
		};
		F2F72C541FD96A6E00066F9A /* Release */ = {
			isa = XCBuildConfiguration;
			buildSettings = {
				ALWAYS_SEARCH_USER_PATHS = NO;
				CLANG_ANALYZER_NONNULL = YES;
				CLANG_ANALYZER_NUMBER_OBJECT_CONVERSION = YES_AGGRESSIVE;
				CLANG_CXX_LANGUAGE_STANDARD = "gnu++14";
				CLANG_CXX_LIBRARY = "libc++";
				CLANG_ENABLE_MODULES = YES;
				CLANG_ENABLE_OBJC_ARC = YES;
				CLANG_WARN_BLOCK_CAPTURE_AUTORELEASING = YES;
				CLANG_WARN_BOOL_CONVERSION = YES;
				CLANG_WARN_COMMA = YES;
				CLANG_WARN_CONSTANT_CONVERSION = YES;
				CLANG_WARN_DIRECT_OBJC_ISA_USAGE = YES_ERROR;
				CLANG_WARN_DOCUMENTATION_COMMENTS = YES;
				CLANG_WARN_EMPTY_BODY = YES;
				CLANG_WARN_ENUM_CONVERSION = YES;
				CLANG_WARN_INFINITE_RECURSION = YES;
				CLANG_WARN_INT_CONVERSION = YES;
				CLANG_WARN_NON_LITERAL_NULL_CONVERSION = YES;
				CLANG_WARN_OBJC_LITERAL_CONVERSION = YES;
				CLANG_WARN_OBJC_ROOT_CLASS = YES_ERROR;
				CLANG_WARN_RANGE_LOOP_ANALYSIS = YES;
				CLANG_WARN_STRICT_PROTOTYPES = YES;
				CLANG_WARN_SUSPICIOUS_MOVE = YES;
				CLANG_WARN_UNGUARDED_AVAILABILITY = YES_AGGRESSIVE;
				CLANG_WARN_UNREACHABLE_CODE = YES;
				CLANG_WARN__DUPLICATE_METHOD_MATCH = YES;
				CODE_SIGN_IDENTITY = "iPhone Developer";
				COPY_PHASE_STRIP = NO;
				DEBUG_INFORMATION_FORMAT = "dwarf-with-dsym";
				ENABLE_NS_ASSERTIONS = NO;
				ENABLE_STRICT_OBJC_MSGSEND = YES;
				GCC_C_LANGUAGE_STANDARD = gnu11;
				GCC_NO_COMMON_BLOCKS = YES;
				GCC_WARN_64_TO_32_BIT_CONVERSION = YES;
				GCC_WARN_ABOUT_RETURN_TYPE = YES_ERROR;
				GCC_WARN_UNDECLARED_SELECTOR = YES;
				GCC_WARN_UNINITIALIZED_AUTOS = YES_AGGRESSIVE;
				GCC_WARN_UNUSED_FUNCTION = YES;
				GCC_WARN_UNUSED_VARIABLE = YES;
				IPHONEOS_DEPLOYMENT_TARGET = 11.0;
				MTL_ENABLE_DEBUG_INFO = NO;
				SDKROOT = iphoneos;
				VALIDATE_PRODUCT = YES;
			};
			name = Release;
		};
		F2F72C561FD96A6E00066F9A /* Debug */ = {
			isa = XCBuildConfiguration;
			baseConfigurationReference = 2193B1627F095F99A5D81E22 /* Pods-LLModularizationDemo.debug.xcconfig */;
			buildSettings = {
				ASSETCATALOG_COMPILER_APPICON_NAME = AppIcon;
				CODE_SIGN_STYLE = Automatic;
				DEVELOPMENT_TEAM = 6N4LW89MGE;
				INFOPLIST_FILE = LLModularizationDemo/Info.plist;
				LD_RUNPATH_SEARCH_PATHS = "$(inherited) @executable_path/Frameworks";
				PRODUCT_BUNDLE_IDENTIFIER = com.lee.LLModularizationDemo;
				PRODUCT_NAME = "$(TARGET_NAME)";
				TARGETED_DEVICE_FAMILY = "1,2";
			};
			name = Debug;
		};
		F2F72C571FD96A6E00066F9A /* Release */ = {
			isa = XCBuildConfiguration;
			baseConfigurationReference = 612CE89439B595E5C626E5BF /* Pods-LLModularizationDemo.release.xcconfig */;
			buildSettings = {
				ASSETCATALOG_COMPILER_APPICON_NAME = AppIcon;
				CODE_SIGN_STYLE = Automatic;
				DEVELOPMENT_TEAM = 6N4LW89MGE;
				INFOPLIST_FILE = LLModularizationDemo/Info.plist;
				LD_RUNPATH_SEARCH_PATHS = "$(inherited) @executable_path/Frameworks";
				PRODUCT_BUNDLE_IDENTIFIER = com.lee.LLModularizationDemo;
				PRODUCT_NAME = "$(TARGET_NAME)";
				TARGETED_DEVICE_FAMILY = "1,2";
			};
			name = Release;
		};
		F2F72C591FD96A6E00066F9A /* Debug */ = {
			isa = XCBuildConfiguration;
			buildSettings = {
				BUNDLE_LOADER = "$(TEST_HOST)";
				CODE_SIGN_STYLE = Automatic;
				DEVELOPMENT_TEAM = 6N4LW89MGE;
				INFOPLIST_FILE = LLModularizationDemoTests/Info.plist;
				LD_RUNPATH_SEARCH_PATHS = "$(inherited) @executable_path/Frameworks @loader_path/Frameworks";
				PRODUCT_BUNDLE_IDENTIFIER = com.lee.LLModularizationDemoTests;
				PRODUCT_NAME = "$(TARGET_NAME)";
				TARGETED_DEVICE_FAMILY = "1,2";
				TEST_HOST = "$(BUILT_PRODUCTS_DIR)/LLModularizationDemo.app/LLModularizationDemo";
			};
			name = Debug;
		};
		F2F72C5A1FD96A6E00066F9A /* Release */ = {
			isa = XCBuildConfiguration;
			buildSettings = {
				BUNDLE_LOADER = "$(TEST_HOST)";
				CODE_SIGN_STYLE = Automatic;
				DEVELOPMENT_TEAM = 6N4LW89MGE;
				INFOPLIST_FILE = LLModularizationDemoTests/Info.plist;
				LD_RUNPATH_SEARCH_PATHS = "$(inherited) @executable_path/Frameworks @loader_path/Frameworks";
				PRODUCT_BUNDLE_IDENTIFIER = com.lee.LLModularizationDemoTests;
				PRODUCT_NAME = "$(TARGET_NAME)";
				TARGETED_DEVICE_FAMILY = "1,2";
				TEST_HOST = "$(BUILT_PRODUCTS_DIR)/LLModularizationDemo.app/LLModularizationDemo";
			};
			name = Release;
		};
		F2F72C5C1FD96A6E00066F9A /* Debug */ = {
			isa = XCBuildConfiguration;
			buildSettings = {
				CODE_SIGN_STYLE = Automatic;
				DEVELOPMENT_TEAM = 6N4LW89MGE;
				INFOPLIST_FILE = LLModularizationDemoUITests/Info.plist;
				LD_RUNPATH_SEARCH_PATHS = "$(inherited) @executable_path/Frameworks @loader_path/Frameworks";
				PRODUCT_BUNDLE_IDENTIFIER = com.lee.LLModularizationDemoUITests;
				PRODUCT_NAME = "$(TARGET_NAME)";
				TARGETED_DEVICE_FAMILY = "1,2";
				TEST_TARGET_NAME = LLModularizationDemo;
			};
			name = Debug;
		};
		F2F72C5D1FD96A6E00066F9A /* Release */ = {
			isa = XCBuildConfiguration;
			buildSettings = {
				CODE_SIGN_STYLE = Automatic;
				DEVELOPMENT_TEAM = 6N4LW89MGE;
				INFOPLIST_FILE = LLModularizationDemoUITests/Info.plist;
				LD_RUNPATH_SEARCH_PATHS = "$(inherited) @executable_path/Frameworks @loader_path/Frameworks";
				PRODUCT_BUNDLE_IDENTIFIER = com.lee.LLModularizationDemoUITests;
				PRODUCT_NAME = "$(TARGET_NAME)";
				TARGETED_DEVICE_FAMILY = "1,2";
				TEST_TARGET_NAME = LLModularizationDemo;
			};
			name = Release;
		};
/* End XCBuildConfiguration section */

/* Begin XCConfigurationList section */
		F2F72C241FD96A6E00066F9A /* Build configuration list for PBXProject "LLModularizationDemo" */ = {
			isa = XCConfigurationList;
			buildConfigurations = (
				F2F72C531FD96A6E00066F9A /* Debug */,
				F2F72C541FD96A6E00066F9A /* Release */,
			);
			defaultConfigurationIsVisible = 0;
			defaultConfigurationName = Release;
		};
		F2F72C551FD96A6E00066F9A /* Build configuration list for PBXNativeTarget "LLModularizationDemo" */ = {
			isa = XCConfigurationList;
			buildConfigurations = (
				F2F72C561FD96A6E00066F9A /* Debug */,
				F2F72C571FD96A6E00066F9A /* Release */,
			);
			defaultConfigurationIsVisible = 0;
			defaultConfigurationName = Release;
		};
		F2F72C581FD96A6E00066F9A /* Build configuration list for PBXNativeTarget "LLModularizationDemoTests" */ = {
			isa = XCConfigurationList;
			buildConfigurations = (
				F2F72C591FD96A6E00066F9A /* Debug */,
				F2F72C5A1FD96A6E00066F9A /* Release */,
			);
			defaultConfigurationIsVisible = 0;
			defaultConfigurationName = Release;
		};
		F2F72C5B1FD96A6E00066F9A /* Build configuration list for PBXNativeTarget "LLModularizationDemoUITests" */ = {
			isa = XCConfigurationList;
			buildConfigurations = (
				F2F72C5C1FD96A6E00066F9A /* Debug */,
				F2F72C5D1FD96A6E00066F9A /* Release */,
			);
			defaultConfigurationIsVisible = 0;
			defaultConfigurationName = Release;
		};
/* End XCConfigurationList section */
	};
	rootObject = F2F72C211FD96A6E00066F9A /* Project object */;
}
